
Microsoft Visual Studio Solution File, Format Version 12.00
# Visual Studio Version 16
VisualStudioVersion = 16.0.29905.134
MinimumVisualStudioVersion = 10.0.40219.1
Project("{FAE04EC0-301F-11D3-BF4B-00C04F79EFBC}") = "FormataçõesDeStrings", "FormataçõesDeStrings\FormataçõesDeStrings.csproj", "{2B61E74D-2C57-4916-A296-71982C287350}"
EndProject
Global
	GlobalSection(SolutionConfigurationPlatforms) = preSolution
		Debug|Any CPU = Debug|Any CPU
		Release|Any CPU = Release|Any CPU
	EndGlobalSection
	GlobalSection(ProjectConfigurationPlatforms) = postSolution
		{2B61E74D-2C57-4916-A296-71982C287350}.Debug|Any CPU.ActiveCfg = Debug|Any CPU
		{2B61E74D-2C57-4916-A296-71982C287350}.Debug|Any CPU.Build.0 = Debug|Any CPU
		{2B61E74D-2C57-4916-A296-71982C287350}.Release|Any CPU.ActiveCfg = Release|Any CPU
		{2B61E74D-2C57-4916-A296-71982C287350}.Release|Any CPU.Build.0 = Release|Any CPU
	EndGlobalSection
	GlobalSection(SolutionProperties) = preSolution
		HideSolutionNode = FALSE
	EndGlobalSection
	GlobalSection(ExtensibilityGlobals) = postSolution
		SolutionGuid = {FE4E9297-FEF4-44D8-AD92-F7DBF04094E4}
	EndGlobalSection
EndGlobal
