
Microsoft Visual Studio Solution File, Format Version 12.00
# Visual Studio Version 16
VisualStudioVersion = 16.0.29905.134
MinimumVisualStudioVersion = 10.0.40219.1
Project("{FAE04EC0-301F-11D3-BF4B-00C04F79EFBC}") = "ExercicioSobreRepetição-5", "ExercicioSobreRepetição-5\ExercicioSobreRepetição-5.csproj", "{DEDFDD92-75F2-4D5E-8CE8-963FEAA1287A}"
EndProject
Global
	GlobalSection(SolutionConfigurationPlatforms) = preSolution
		Debug|Any CPU = Debug|Any CPU
		Release|Any CPU = Release|Any CPU
	EndGlobalSection
	GlobalSection(ProjectConfigurationPlatforms) = postSolution
		{DEDFDD92-75F2-4D5E-8CE8-963FEAA1287A}.Debug|Any CPU.ActiveCfg = Debug|Any CPU
		{DEDFDD92-75F2-4D5E-8CE8-963FEAA1287A}.Debug|Any CPU.Build.0 = Debug|Any CPU
		{DEDFDD92-75F2-4D5E-8CE8-963FEAA1287A}.Release|Any CPU.ActiveCfg = Release|Any CPU
		{DEDFDD92-75F2-4D5E-8CE8-963FEAA1287A}.Release|Any CPU.Build.0 = Release|Any CPU
	EndGlobalSection
	GlobalSection(SolutionProperties) = preSolution
		HideSolutionNode = FALSE
	EndGlobalSection
	GlobalSection(ExtensibilityGlobals) = postSolution
		SolutionGuid = {7373F525-6AB6-4011-B37A-3BF1F45F0295}
	EndGlobalSection
EndGlobal
