
Microsoft Visual Studio Solution File, Format Version 12.00
# Visual Studio Version 16
VisualStudioVersion = 16.0.29905.134
MinimumVisualStudioVersion = 10.0.40219.1
Project("{FAE04EC0-301F-11D3-BF4B-00C04F79EFBC}") = "ExercicioSobre EstruturaSequencial", "ExercicioSobre EstruturaSequencial\ExercicioSobre EstruturaSequencial.csproj", "{0E277D51-180C-4CA0-BEF1-595251119EBA}"
EndProject
Global
	GlobalSection(SolutionConfigurationPlatforms) = preSolution
		Debug|Any CPU = Debug|Any CPU
		Release|Any CPU = Release|Any CPU
	EndGlobalSection
	GlobalSection(ProjectConfigurationPlatforms) = postSolution
		{0E277D51-180C-4CA0-BEF1-595251119EBA}.Debug|Any CPU.ActiveCfg = Debug|Any CPU
		{0E277D51-180C-4CA0-BEF1-595251119EBA}.Debug|Any CPU.Build.0 = Debug|Any CPU
		{0E277D51-180C-4CA0-BEF1-595251119EBA}.Release|Any CPU.ActiveCfg = Release|Any CPU
		{0E277D51-180C-4CA0-BEF1-595251119EBA}.Release|Any CPU.Build.0 = Release|Any CPU
	EndGlobalSection
	GlobalSection(SolutionProperties) = preSolution
		HideSolutionNode = FALSE
	EndGlobalSection
	GlobalSection(ExtensibilityGlobals) = postSolution
		SolutionGuid = {2D82E519-1136-45C1-9A8F-09EBB566C922}
	EndGlobalSection
EndGlobal
