
Microsoft Visual Studio Solution File, Format Version 12.00
# Visual Studio Version 16
VisualStudioVersion = 16.0.29905.134
MinimumVisualStudioVersion = 10.0.40219.1
Project("{FAE04EC0-301F-11D3-BF4B-00C04F79EFBC}") = "ExerciciosDeIntrodução-1", "ExerciciosDeIntrodução-1\ExerciciosDeIntrodução-1.csproj", "{BB70ABF8-EEBC-41E0-9706-057FD7BE6AA8}"
EndProject
Global
	GlobalSection(SolutionConfigurationPlatforms) = preSolution
		Debug|Any CPU = Debug|Any CPU
		Release|Any CPU = Release|Any CPU
	EndGlobalSection
	GlobalSection(ProjectConfigurationPlatforms) = postSolution
		{BB70ABF8-EEBC-41E0-9706-057FD7BE6AA8}.Debug|Any CPU.ActiveCfg = Debug|Any CPU
		{BB70ABF8-EEBC-41E0-9706-057FD7BE6AA8}.Debug|Any CPU.Build.0 = Debug|Any CPU
		{BB70ABF8-EEBC-41E0-9706-057FD7BE6AA8}.Release|Any CPU.ActiveCfg = Release|Any CPU
		{BB70ABF8-EEBC-41E0-9706-057FD7BE6AA8}.Release|Any CPU.Build.0 = Release|Any CPU
	EndGlobalSection
	GlobalSection(SolutionProperties) = preSolution
		HideSolutionNode = FALSE
	EndGlobalSection
	GlobalSection(ExtensibilityGlobals) = postSolution
		SolutionGuid = {CF26384D-F17E-474B-9D14-395A549B24DD}
	EndGlobalSection
EndGlobal
