
Microsoft Visual Studio Solution File, Format Version 12.00
# Visual Studio Version 16
VisualStudioVersion = 16.0.29905.134
MinimumVisualStudioVersion = 10.0.40219.1
Project("{FAE04EC0-301F-11D3-BF4B-00C04F79EFBC}") = "ExercicioCondicional-4", "ExercicioCondicional-4\ExercicioCondicional-4.csproj", "{21A18D67-0A54-455A-9F55-1E4C1E6C7554}"
EndProject
Global
	GlobalSection(SolutionConfigurationPlatforms) = preSolution
		Debug|Any CPU = Debug|Any CPU
		Release|Any CPU = Release|Any CPU
	EndGlobalSection
	GlobalSection(ProjectConfigurationPlatforms) = postSolution
		{21A18D67-0A54-455A-9F55-1E4C1E6C7554}.Debug|Any CPU.ActiveCfg = Debug|Any CPU
		{21A18D67-0A54-455A-9F55-1E4C1E6C7554}.Debug|Any CPU.Build.0 = Debug|Any CPU
		{21A18D67-0A54-455A-9F55-1E4C1E6C7554}.Release|Any CPU.ActiveCfg = Release|Any CPU
		{21A18D67-0A54-455A-9F55-1E4C1E6C7554}.Release|Any CPU.Build.0 = Release|Any CPU
	EndGlobalSection
	GlobalSection(SolutionProperties) = preSolution
		HideSolutionNode = FALSE
	EndGlobalSection
	GlobalSection(ExtensibilityGlobals) = postSolution
		SolutionGuid = {938DCE92-6839-43AD-90E7-22531F053588}
	EndGlobalSection
EndGlobal
